{
  "name": "search-pdf-regex",
  "version": "0.3.4",
  "lockfileVersion": 2,
  "requires": true,
  "packages": {
    "": {
      "name": "search-pdf-regex",
      "version": "0.3.4",
      "license": "ISC",
      "dependencies": {
        "aigle": "^1.14.1",
        "async": "^3.2.4"
      }
    },
    "node_modules/aigle": {
      "version": "1.14.1",
      "resolved": "https://registry.npmjs.org/aigle/-/aigle-1.14.1.tgz",
      "integrity": "sha512-bCmQ65CEebspmpbWFs6ab3S27TNyVH1b5MledX8KoiGxUhsJmPUUGpaoSijhwawNnq5Lt8jbcq7Z7gUAD0nuTw==",
      "dependencies": {
        "aigle-core": "^1.0.0"
      }
    },
    "node_modules/aigle-core": {
      "version": "1.0.0",
      "resolved": "https://registry.npmjs.org/aigle-core/-/aigle-core-1.0.0.tgz",
      "integrity": "sha512-uGFWPumk5DLvYnUphNnff+kWC8VeAnjPbbU8ovsSHflKXGX77SD7cAN/aSBCLX3xnoJAM9KdtRgxUygRnSSu7A=="
    },
    "node_modules/async": {
      "version": "3.2.4",
      "resolved": "https://registry.npmjs.org/async/-/async-3.2.4.tgz",
      "integrity": "sha512-iAB+JbDEGXhyIUavoDl9WP/Jj106Kz9DEn1DPgYw5ruDn0e3Wgi3sKFm55sASdGBNOQB8F59d9qQ7deqrHA8wQ=="
    }
  },
  "dependencies": {
    "aigle": {
      "version": "1.14.1",
      "resolved": "https://registry.npmjs.org/aigle/-/aigle-1.14.1.tgz",
      "integrity": "sha512-bCmQ65CEebspmpbWFs6ab3S27TNyVH1b5MledX8KoiGxUhsJmPUUGpaoSijhwawNnq5Lt8jbcq7Z7gUAD0nuTw==",
      "requires": {
        "aigle-core": "^1.0.0"
      }
    },
    "aigle-core": {
      "version": "1.0.0",
      "resolved": "https://registry.npmjs.org/aigle-core/-/aigle-core-1.0.0.tgz",
      "integrity": "sha512-uGFWPumk5DLvYnUphNnff+kWC8VeAnjPbbU8ovsSHflKXGX77SD7cAN/aSBCLX3xnoJAM9KdtRgxUygRnSSu7A=="
    },
    "async": {
      "version": "3.2.4",
      "resolved": "https://registry.npmjs.org/async/-/async-3.2.4.tgz",
      "integrity": "sha512-iAB+JbDEGXhyIUavoDl9WP/Jj106Kz9DEn1DPgYw5ruDn0e3Wgi3sKFm55sASdGBNOQB8F59d9qQ7deqrHA8wQ=="
    }
  }
}
